schema: '2.0'
stages:
  train:
    cmd: python src/train.py
    deps:
    - path: data/prepared/graph/PickCube/act.npy
      hash: md5
      md5: 29b7679763534b4aa8c7a2cc81dce84b
      size: 3142080
    - path: data/prepared/graph/PickCube/episode_map.npy
      hash: md5
      md5: fd18f2ed4f9b34623ab380ebd8fc57df
      size: 785616
    - path: data/prepared/graph/PickCube/obs.npy
      hash: md5
      md5: 571e54d25ba47c1a90512cab4f6cb255
      size: 263924096
    - path: params.yaml
      hash: md5
      md5: 0bc646bbfc5e95da9fc9860d47f4d97d
      size: 779
    - path: src/modules.py
      hash: md5
      md5: 7ff5868acf33b9d81239afe710706790
      size: 8116
    - path: src/train.py
      hash: md5
      md5: 63fe26140b8fda39ee02627e24af2120
      size: 6271
    - path: src/utils/util.py
      hash: md5
      md5: 6a7579bdca4b52e3daf1016fa2aaa6f7
      size: 6662
    params:
      params.yaml:
        train.batch_size: 64
        train.env_id: PickCube-v0
        train.lr: 0.001
        train.model: GAT
        train.model_params:
          num_heads: 2
          hidden_dim: 256
          dropout: 0.5
        train.num_steps: 100000
        train.seed: 42
    outs:
    - path: logs/output/checkpoints/ckpt_best.pt
      hash: md5
      md5: 7551414e067084fe058b20d91f164465
      size: 2260682
    - path: logs/output/plots/current_success_rate.json
      hash: md5
      md5: ee4683df961184d90e7f73f4e270e674
      size: 142
    - path: logs/output/plots/epoch_loss.json
      hash: md5
      md5: 395b524e8a6cd77cb421d0a60cdb9bdd
      size: 892
  prepare:
    cmd: python src/prepare.py
    deps:
    - path: data/raw/PickCube/trajectory.state.pd_joint_delta_pos.h5
      hash: md5
      md5: 77ca6eea371eb02644fb85a6f2ff88e0
      size: 73559050
    - path: data/raw/PickCube/trajectory.state.pd_joint_delta_pos.json
      hash: md5
      md5: 9d3c71ec71f2e102cde0fa0b06227be5
      size: 353174
    - path: params.yaml
      hash: md5
      md5: 0bc646bbfc5e95da9fc9860d47f4d97d
      size: 779
    - path: src/prepare.py
      hash: md5
      md5: 09cd4890e39f5318d1ff89e2f0e29755
      size: 6104
    params:
      params.yaml:
        data_file: trajectory.state.pd_joint_delta_pos.h5
        prepare.load_count: -1
        prepare.transformations:
        - type: standardize
        prepared_graph_data_path: data/prepared/graph/PickCube/
        raw_data_path: data/raw/PickCube/
    outs:
    - path: data/prepared/graph/PickCube/act.npy
      hash: md5
      md5: 29b7679763534b4aa8c7a2cc81dce84b
      size: 3142080
    - path: data/prepared/graph/PickCube/episode_map.npy
      hash: md5
      md5: fd18f2ed4f9b34623ab380ebd8fc57df
      size: 785616
    - path: data/prepared/graph/PickCube/obs.npy
      hash: md5
      md5: 571e54d25ba47c1a90512cab4f6cb255
      size: 263924096
  evaluate:
    cmd: python src/evaluate.py
    deps:
    - path: logs/output/checkpoints/ckpt_best.pt
      hash: md5
      md5: 7551414e067084fe058b20d91f164465
      size: 2260682
    - path: params.yaml
      hash: md5
      md5: 0bc646bbfc5e95da9fc9860d47f4d97d
      size: 779
    - path: src/evaluate.py
      hash: md5
      md5: c47054cac173473e903ac1df3e46eebc
      size: 2609
    - path: src/modules.py
      hash: md5
      md5: 7ff5868acf33b9d81239afe710706790
      size: 8116
    - path: src/utils/util.py
      hash: md5
      md5: 6a7579bdca4b52e3daf1016fa2aaa6f7
      size: 6662
    outs:
    - path: logs/output/eval/success_rate.json
      hash: md5
      md5: fac4b9e50b714b7c93e4eea854b76c41
      size: 22
