schema: '2.0'
stages:
  train:
    cmd: python src/train.py
    deps:
    - path: data/prepared/PickCube/act.npy
      hash: md5
      md5: 29b7679763534b4aa8c7a2cc81dce84b
      size: 3142080
    - path: data/prepared/PickCube/episode_map.npy
      hash: md5
      md5: fd18f2ed4f9b34623ab380ebd8fc57df
      size: 785616
    - path: data/prepared/PickCube/obs.npy
      hash: md5
      md5: 5e957d6db47b622fafd814760e1688e8
      size: 219936768
    - path: params.yaml
      hash: md5
      md5: c9530890b510f17d1cfbc6243c3848f6
      size: 568
    - path: src/modules.py
      hash: md5
      md5: d9d532b28e25b91854e289be1dfb5d94
      size: 6908
    - path: src/train.py
      hash: md5
      md5: d728a48cf6b0d618b22fd50e6d1ef6c4
      size: 4722
    - path: src/utils/util.py
      hash: md5
      md5: daac8edc7cf997d052a88bd33907cdbb
      size: 5333
    params:
      params.yaml:
        train.batch_size: 128
        train.control_mode: pd_joint_delta_pos
        train.env_id: PickCube-v0
        train.eval: false
        train.iterations: 30000
        train.log_dir: logs/output
        train.lr: 0.001
        train.num_steps: 100000
        train.num_workers: 4
        train.obs_mode: state
        train.render_mode: cameras
        train.seed: 42
    outs:
    - path: logs/output/checkpoints/ckpt_best.pt
      hash: md5
      md5: f73c3c28b78c1d3cccf7a476dcf2fbf3
      size: 2246346
  prepare:
    cmd: python src/prepare.py
    deps:
    - path: data/raw/PickCube/trajectory.state.pd_joint_delta_pos.h5
      hash: md5
      md5: 77ca6eea371eb02644fb85a6f2ff88e0
      size: 73559050
    - path: params.yaml
      hash: md5
      md5: c9530890b510f17d1cfbc6243c3848f6
      size: 568
    - path: src/prepare.py
      hash: md5
      md5: 169ffb3ff579c3d895915d5d9fc23b0c
      size: 5574
    params:
      params.yaml:
        data_file: trajectory.state.pd_joint_delta_pos.h5
        prepare.load_count: -1
        prepare.transformations: []
        prepared_data_path: data/prepared/PickCube/
        raw_data_path: data/raw/PickCube/
    outs:
    - path: data/prepared/PickCube/act.npy
      hash: md5
      md5: 29b7679763534b4aa8c7a2cc81dce84b
      size: 3142080
    - path: data/prepared/PickCube/episode_map.npy
      hash: md5
      md5: fd18f2ed4f9b34623ab380ebd8fc57df
      size: 785616
    - path: data/prepared/PickCube/obs.npy
      hash: md5
      md5: 5e957d6db47b622fafd814760e1688e8
      size: 219936768
  evaluate:
    cmd: python src/evaluate.py
    deps:
    - path: logs/output/checkpoints/ckpt_best.pt
      hash: md5
      md5: f73c3c28b78c1d3cccf7a476dcf2fbf3
      size: 2246346
    - path: params.yaml
      hash: md5
      md5: c9530890b510f17d1cfbc6243c3848f6
      size: 568
    - path: src/evaluate.py
      hash: md5
      md5: 7e2cb629e198ee4c5444ab903f321d59
      size: 2467
    - path: src/modules.py
      hash: md5
      md5: d9d532b28e25b91854e289be1dfb5d94
      size: 6908
    - path: src/utils/util.py
      hash: md5
      md5: daac8edc7cf997d052a88bd33907cdbb
      size: 5333
    params:
      params.yaml:
        evaluate.render: true
        train.batch_size: 128
        train.control_mode: pd_joint_delta_pos
        train.env_id: PickCube-v0
        train.eval: false
        train.iterations: 30000
        train.log_dir: logs/output
        train.lr: 0.001
        train.num_steps: 100000
        train.num_workers: 4
        train.obs_mode: state
        train.render_mode: cameras
        train.seed: 42
    outs:
    - path: logs/output/eval_results.json
      hash: md5
      md5: 4dcff83c88806fc2f1b0dc3b78bc49d8
      size: 22
